
Microsoft Visual Studio Solution File, Format Version 12.00
# Visual Studio 15
VisualStudioVersion = 15.0.28307.168
MinimumVisualStudioVersion = 10.0.40219.1
Project("{8BC9CEB8-8B4A-11D0-8D11-00A0C91BC942}") = "4.2.1", "DSHW\DSHW.vcxproj", "{52F18066-2A1E-488E-88BF-3685BD329F20}"
EndProject
Project("{8BC9CEB8-8B4A-11D0-8D11-00A0C91BC942}") = "4.2.2", "4.2.2\4.2.2.vcxproj", "{0D082D45-0058-41F5-9559-8767D5462318}"
EndProject
Project("{8BC9CEB8-8B4A-11D0-8D11-00A0C91BC942}") = "4.2.6", "4.2.6\4.2.6.vcxproj", "{5016A86A-23A7-4878-B8C8-961EC87665E7}"
EndProject
Project("{8BC9CEB8-8B4A-11D0-8D11-00A0C91BC942}") = "4.3.3", "4.3.3\4.3.3.vcxproj", "{B8CF9741-10FE-40C7-AFFC-6C688855A6B8}"
EndProject
Project("{8BC9CEB8-8B4A-11D0-8D11-00A0C91BC942}") = "4.3.4", "4.3.4\4.3.4.vcxproj", "{92F5EADB-8A39-4494-9322-FD634A7106A5}"
EndProject
Project("{8BC9CEB8-8B4A-11D0-8D11-00A0C91BC942}") = "4.6.1", "4.6.1\4.6.1.vcxproj", "{BDD1598F-DFD5-489E-B88F-FBE3F46EE9E5}"
EndProject
Project("{8BC9CEB8-8B4A-11D0-8D11-00A0C91BC942}") = "4.6.2", "4.6.2\4.6.2.vcxproj", "{9D26E945-353C-4970-A36B-A878A8F2A68B}"
EndProject
Project("{8BC9CEB8-8B4A-11D0-8D11-00A0C91BC942}") = "4.10.2", "4.10.2\4.10.2.vcxproj", "{868387F1-9DB8-48B0-8A68-A5ABDF1BB0B7}"
EndProject
Global
	GlobalSection(SolutionConfigurationPlatforms) = preSolution
		Debug|x64 = Debug|x64
		Debug|x86 = Debug|x86
		Release|x64 = Release|x64
		Release|x86 = Release|x86
	EndGlobalSection
	GlobalSection(ProjectConfigurationPlatforms) = postSolution
		{52F18066-2A1E-488E-88BF-3685BD329F20}.Debug|x64.ActiveCfg = Debug|x64
		{52F18066-2A1E-488E-88BF-3685BD329F20}.Debug|x64.Build.0 = Debug|x64
		{52F18066-2A1E-488E-88BF-3685BD329F20}.Debug|x86.ActiveCfg = Debug|Win32
		{52F18066-2A1E-488E-88BF-3685BD329F20}.Debug|x86.Build.0 = Debug|Win32
		{52F18066-2A1E-488E-88BF-3685BD329F20}.Release|x64.ActiveCfg = Release|x64
		{52F18066-2A1E-488E-88BF-3685BD329F20}.Release|x64.Build.0 = Release|x64
		{52F18066-2A1E-488E-88BF-3685BD329F20}.Release|x86.ActiveCfg = Release|Win32
		{52F18066-2A1E-488E-88BF-3685BD329F20}.Release|x86.Build.0 = Release|Win32
		{0D082D45-0058-41F5-9559-8767D5462318}.Debug|x64.ActiveCfg = Debug|x64
		{0D082D45-0058-41F5-9559-8767D5462318}.Debug|x64.Build.0 = Debug|x64
		{0D082D45-0058-41F5-9559-8767D5462318}.Debug|x86.ActiveCfg = Debug|Win32
		{0D082D45-0058-41F5-9559-8767D5462318}.Debug|x86.Build.0 = Debug|Win32
		{0D082D45-0058-41F5-9559-8767D5462318}.Release|x64.ActiveCfg = Release|x64
		{0D082D45-0058-41F5-9559-8767D5462318}.Release|x64.Build.0 = Release|x64
		{0D082D45-0058-41F5-9559-8767D5462318}.Release|x86.ActiveCfg = Release|Win32
		{0D082D45-0058-41F5-9559-8767D5462318}.Release|x86.Build.0 = Release|Win32
		{5016A86A-23A7-4878-B8C8-961EC87665E7}.Debug|x64.ActiveCfg = Debug|x64
		{5016A86A-23A7-4878-B8C8-961EC87665E7}.Debug|x64.Build.0 = Debug|x64
		{5016A86A-23A7-4878-B8C8-961EC87665E7}.Debug|x86.ActiveCfg = Debug|Win32
		{5016A86A-23A7-4878-B8C8-961EC87665E7}.Debug|x86.Build.0 = Debug|Win32
		{5016A86A-23A7-4878-B8C8-961EC87665E7}.Release|x64.ActiveCfg = Release|x64
		{5016A86A-23A7-4878-B8C8-961EC87665E7}.Release|x64.Build.0 = Release|x64
		{5016A86A-23A7-4878-B8C8-961EC87665E7}.Release|x86.ActiveCfg = Release|Win32
		{5016A86A-23A7-4878-B8C8-961EC87665E7}.Release|x86.Build.0 = Release|Win32
		{B8CF9741-10FE-40C7-AFFC-6C688855A6B8}.Debug|x64.ActiveCfg = Debug|x64
		{B8CF9741-10FE-40C7-AFFC-6C688855A6B8}.Debug|x64.Build.0 = Debug|x64
		{B8CF9741-10FE-40C7-AFFC-6C688855A6B8}.Debug|x86.ActiveCfg = Debug|Win32
		{B8CF9741-10FE-40C7-AFFC-6C688855A6B8}.Debug|x86.Build.0 = Debug|Win32
		{B8CF9741-10FE-40C7-AFFC-6C688855A6B8}.Release|x64.ActiveCfg = Release|x64
		{B8CF9741-10FE-40C7-AFFC-6C688855A6B8}.Release|x64.Build.0 = Release|x64
		{B8CF9741-10FE-40C7-AFFC-6C688855A6B8}.Release|x86.ActiveCfg = Release|Win32
		{B8CF9741-10FE-40C7-AFFC-6C688855A6B8}.Release|x86.Build.0 = Release|Win32
		{92F5EADB-8A39-4494-9322-FD634A7106A5}.Debug|x64.ActiveCfg = Debug|x64
		{92F5EADB-8A39-4494-9322-FD634A7106A5}.Debug|x64.Build.0 = Debug|x64
		{92F5EADB-8A39-4494-9322-FD634A7106A5}.Debug|x86.ActiveCfg = Debug|Win32
		{92F5EADB-8A39-4494-9322-FD634A7106A5}.Debug|x86.Build.0 = Debug|Win32
		{92F5EADB-8A39-4494-9322-FD634A7106A5}.Release|x64.ActiveCfg = Release|x64
		{92F5EADB-8A39-4494-9322-FD634A7106A5}.Release|x64.Build.0 = Release|x64
		{92F5EADB-8A39-4494-9322-FD634A7106A5}.Release|x86.ActiveCfg = Release|Win32
		{92F5EADB-8A39-4494-9322-FD634A7106A5}.Release|x86.Build.0 = Release|Win32
		{BDD1598F-DFD5-489E-B88F-FBE3F46EE9E5}.Debug|x64.ActiveCfg = Debug|x64
		{BDD1598F-DFD5-489E-B88F-FBE3F46EE9E5}.Debug|x64.Build.0 = Debug|x64
		{BDD1598F-DFD5-489E-B88F-FBE3F46EE9E5}.Debug|x86.ActiveCfg = Debug|Win32
		{BDD1598F-DFD5-489E-B88F-FBE3F46EE9E5}.Debug|x86.Build.0 = Debug|Win32
		{BDD1598F-DFD5-489E-B88F-FBE3F46EE9E5}.Release|x64.ActiveCfg = Release|x64
		{BDD1598F-DFD5-489E-B88F-FBE3F46EE9E5}.Release|x64.Build.0 = Release|x64
		{BDD1598F-DFD5-489E-B88F-FBE3F46EE9E5}.Release|x86.ActiveCfg = Release|Win32
		{BDD1598F-DFD5-489E-B88F-FBE3F46EE9E5}.Release|x86.Build.0 = Release|Win32
		{9D26E945-353C-4970-A36B-A878A8F2A68B}.Debug|x64.ActiveCfg = Debug|x64
		{9D26E945-353C-4970-A36B-A878A8F2A68B}.Debug|x64.Build.0 = Debug|x64
		{9D26E945-353C-4970-A36B-A878A8F2A68B}.Debug|x86.ActiveCfg = Debug|Win32
		{9D26E945-353C-4970-A36B-A878A8F2A68B}.Debug|x86.Build.0 = Debug|Win32
		{9D26E945-353C-4970-A36B-A878A8F2A68B}.Release|x64.ActiveCfg = Release|x64
		{9D26E945-353C-4970-A36B-A878A8F2A68B}.Release|x64.Build.0 = Release|x64
		{9D26E945-353C-4970-A36B-A878A8F2A68B}.Release|x86.ActiveCfg = Release|Win32
		{9D26E945-353C-4970-A36B-A878A8F2A68B}.Release|x86.Build.0 = Release|Win32
		{868387F1-9DB8-48B0-8A68-A5ABDF1BB0B7}.Debug|x64.ActiveCfg = Debug|x64
		{868387F1-9DB8-48B0-8A68-A5ABDF1BB0B7}.Debug|x64.Build.0 = Debug|x64
		{868387F1-9DB8-48B0-8A68-A5ABDF1BB0B7}.Debug|x86.ActiveCfg = Debug|Win32
		{868387F1-9DB8-48B0-8A68-A5ABDF1BB0B7}.Debug|x86.Build.0 = Debug|Win32
		{868387F1-9DB8-48B0-8A68-A5ABDF1BB0B7}.Release|x64.ActiveCfg = Release|x64
		{868387F1-9DB8-48B0-8A68-A5ABDF1BB0B7}.Release|x64.Build.0 = Release|x64
		{868387F1-9DB8-48B0-8A68-A5ABDF1BB0B7}.Release|x86.ActiveCfg = Release|Win32
		{868387F1-9DB8-48B0-8A68-A5ABDF1BB0B7}.Release|x86.Build.0 = Release|Win32
	EndGlobalSection
	GlobalSection(SolutionProperties) = preSolution
		HideSolutionNode = FALSE
	EndGlobalSection
	GlobalSection(ExtensibilityGlobals) = postSolution
		SolutionGuid = {27CE7232-DCD5-4DC9-8552-4FEA2902E428}
	EndGlobalSection
EndGlobal
