
Microsoft Visual Studio Solution File, Format Version 12.00
# Visual Studio 15
VisualStudioVersion = 15.0.27428.2005
MinimumVisualStudioVersion = 10.0.40219.1
Project("{8BC9CEB8-8B4A-11D0-8D11-00A0C91BC942}") = "HW", "HW\HW.vcxproj", "{76BBB5A7-C857-4A20-AADC-E8CC89E48C3E}"
EndProject
Global
	GlobalSection(SolutionConfigurationPlatforms) = preSolution
		Debug|x64 = Debug|x64
		Debug|x86 = Debug|x86
		Release|x64 = Release|x64
		Release|x86 = Release|x86
	EndGlobalSection
	GlobalSection(ProjectConfigurationPlatforms) = postSolution
		{76BBB5A7-C857-4A20-AADC-E8CC89E48C3E}.Debug|x64.ActiveCfg = Debug|x64
		{76BBB5A7-C857-4A20-AADC-E8CC89E48C3E}.Debug|x64.Build.0 = Debug|x64
		{76BBB5A7-C857-4A20-AADC-E8CC89E48C3E}.Debug|x86.ActiveCfg = Debug|Win32
		{76BBB5A7-C857-4A20-AADC-E8CC89E48C3E}.Debug|x86.Build.0 = Debug|Win32
		{76BBB5A7-C857-4A20-AADC-E8CC89E48C3E}.Release|x64.ActiveCfg = Release|x64
		{76BBB5A7-C857-4A20-AADC-E8CC89E48C3E}.Release|x64.Build.0 = Release|x64
		{76BBB5A7-C857-4A20-AADC-E8CC89E48C3E}.Release|x86.ActiveCfg = Release|Win32
		{76BBB5A7-C857-4A20-AADC-E8CC89E48C3E}.Release|x86.Build.0 = Release|Win32
	EndGlobalSection
	GlobalSection(SolutionProperties) = preSolution
		HideSolutionNode = FALSE
	EndGlobalSection
	GlobalSection(ExtensibilityGlobals) = postSolution
		SolutionGuid = {A72E684D-8028-4457-8532-58E7D1E5180B}
	EndGlobalSection
EndGlobal
